UPSTREAM_REPOSITORY=etcd-io/etcd
UPSTREAM_TAG=v3.7.1
UPSTREAM_VERSION=3.7.1
UPSTREAM_GO_VERSION=1.26.5
UPSTREAM_INSECURE_TEST_KEY_SHA256=0db733264aec410f13fc95dc01c8c8956d870f7225c81e68d83a8035e0867d5a
UPSTREAM_TAG_OBJECT=ccd265ad64d16343b616416860e3ebe7ddd1ab83
UPSTREAM_COMMIT=5e7fd0de9a57db03ecc11794dc40403a734c07bb
UPSTREAM_ARCHIVE_SHA256=a9254be36198b8240fe1a5ea8018e67d9fdc148146888e7dec60c019ddc8870c
UPSTREAM_SOURCE_DATE_EPOCH=1784835042
UPSTREAM_LICENSE_SHA256=43ca1b4bbf462789ba15b28373e0c536e510f49e4d05d85a7690cfee94de6f49
